// !$*UTF8*$!
{
	archiveVersion = 1;
	classes = {
	};
	objectVersion = 46;
	objects = {

/* Begin PBXBuildFile section */
		9683848F1D91360200ED04F7 /* main.m in Sources */ = {isa = PBXBuildFile; fileRef = 9683848E1D91360200ED04F7 /* main.m */; };
		968384921D91360200ED04F7 /* AppDelegate.m in Sources */ = {isa = PBXBuildFile; fileRef = 968384911D91360200ED04F7 /* AppDelegate.m */; };
		968384951D91360200ED04F7 /* ViewController.m in Sources */ = {isa = PBXBuildFile; fileRef = 968384941D91360200ED04F7 /* ViewController.m */; };
		968384981D91360200ED04F7 /* Main.storyboard in Resources */ = {isa = PBXBuildFile; fileRef = 968384961D91360200ED04F7 /* Main.storyboard */; };
		9683849A1D91360200ED04F7 /* Assets.xcassets in Resources */ = {isa = PBXBuildFile; fileRef = 968384991D91360200ED04F7 /* Assets.xcassets */; };
		9683849D1D91360200ED04F7 /* LaunchScreen.storyboard in Resources */ = {isa = PBXBuildFile; fileRef = 9683849B1D91360200ED04F7 /* LaunchScreen.storyboard */; };
		968384A81D91360300ED04F7 /* BaseCodeTests.m in Sources */ = {isa = PBXBuildFile; fileRef = 968384A71D91360300ED04F7 /* BaseCodeTests.m */; };
		968384B31D91360300ED04F7 /* BaseCodeUITests.m in Sources */ = {isa = PBXBuildFile; fileRef = 968384B21D91360300ED04F7 /* BaseCodeUITests.m */; };
		968384C31D91367A00ED04F7 /* RootTool.m in Sources */ = {isa = PBXBuildFile; fileRef = 968384C21D91367900ED04F7 /* RootTool.m */; };
		968384C91D91374500ED04F7 /* BaseTabBarController.m in Sources */ = {isa = PBXBuildFile; fileRef = 968384C81D91374500ED04F7 /* BaseTabBarController.m */; };
		968384CC1D9137E900ED04F7 /* BaseNavController.m in Sources */ = {isa = PBXBuildFile; fileRef = 968384CB1D9137E900ED04F7 /* BaseNavController.m */; };
		968384CF1D91393A00ED04F7 /* LeftSlideViewController.m in Sources */ = {isa = PBXBuildFile; fileRef = 968384CE1D91393A00ED04F7 /* LeftSlideViewController.m */; };
		968384D21D9139B000ED04F7 /* BaseTabBar.m in Sources */ = {isa = PBXBuildFile; fileRef = 968384D11D9139B000ED04F7 /* BaseTabBar.m */; };
		968384D81D913B8700ED04F7 /* UIImage+image.m in Sources */ = {isa = PBXBuildFile; fileRef = 968384D71D913B8700ED04F7 /* UIImage+image.m */; };
		968384DB1D913C0000ED04F7 /* UIView+Frame.m in Sources */ = {isa = PBXBuildFile; fileRef = 968384DA1D913C0000ED04F7 /* UIView+Frame.m */; };
		968384DE1D913DFE00ED04F7 /* BaseViewController.m in Sources */ = {isa = PBXBuildFile; fileRef = 968384DD1D913DFE00ED04F7 /* BaseViewController.m */; };
		968384E11D913E4600ED04F7 /* ViewController1.m in Sources */ = {isa = PBXBuildFile; fileRef = 968384E01D913E4600ED04F7 /* ViewController1.m */; };
		968384E41D913E5400ED04F7 /* ViewController2.m in Sources */ = {isa = PBXBuildFile; fileRef = 968384E31D913E5400ED04F7 /* ViewController2.m */; };
		968384E71D913E5A00ED04F7 /* ViewController3.m in Sources */ = {isa = PBXBuildFile; fileRef = 968384E61D913E5A00ED04F7 /* ViewController3.m */; };
		968384EA1D913E6000ED04F7 /* ViewController4.m in Sources */ = {isa = PBXBuildFile; fileRef = 968384E91D913E6000ED04F7 /* ViewController4.m */; };
		968384ED1D913E6700ED04F7 /* ViewController5.m in Sources */ = {isa = PBXBuildFile; fileRef = 968384EC1D913E6700ED04F7 /* ViewController5.m */; };
		968385181D9142E000ED04F7 /* LICENSE in Resources */ = {isa = PBXBuildFile; fileRef = 968384FC1D9142E000ED04F7 /* LICENSE */; };
		968385191D9142E000ED04F7 /* MASCompositeConstraint.m in Sources */ = {isa = PBXBuildFile; fileRef = 968384FF1D9142E000ED04F7 /* MASCompositeConstraint.m */; };
		9683851A1D9142E000ED04F7 /* MASConstraint.m in Sources */ = {isa = PBXBuildFile; fileRef = 968385021D9142E000ED04F7 /* MASConstraint.m */; };
		9683851B1D9142E000ED04F7 /* MASConstraintMaker.m in Sources */ = {isa = PBXBuildFile; fileRef = 968385041D9142E000ED04F7 /* MASConstraintMaker.m */; };
		9683851C1D9142E000ED04F7 /* MASLayoutConstraint.m in Sources */ = {isa = PBXBuildFile; fileRef = 968385061D9142E000ED04F7 /* MASLayoutConstraint.m */; };
		9683851D1D9142E000ED04F7 /* MASViewAttribute.m in Sources */ = {isa = PBXBuildFile; fileRef = 9683850A1D9142E000ED04F7 /* MASViewAttribute.m */; };
		9683851E1D9142E000ED04F7 /* MASViewConstraint.m in Sources */ = {isa = PBXBuildFile; fileRef = 9683850C1D9142E000ED04F7 /* MASViewConstraint.m */; };
		9683851F1D9142E000ED04F7 /* NSArray+MASAdditions.m in Sources */ = {isa = PBXBuildFile; fileRef = 9683850E1D9142E000ED04F7 /* NSArray+MASAdditions.m */; };
		968385201D9142E000ED04F7 /* NSLayoutConstraint+MASDebugAdditions.m in Sources */ = {isa = PBXBuildFile; fileRef = 968385111D9142E000ED04F7 /* NSLayoutConstraint+MASDebugAdditions.m */; };
		968385211D9142E000ED04F7 /* View+MASAdditions.m in Sources */ = {isa = PBXBuildFile; fileRef = 968385131D9142E000ED04F7 /* View+MASAdditions.m */; };
		968385221D9142E000ED04F7 /* ViewController+MASAdditions.m in Sources */ = {isa = PBXBuildFile; fileRef = 968385161D9142E000ED04F7 /* ViewController+MASAdditions.m */; };
		968385231D9142E000ED04F7 /* README.md in Sources */ = {isa = PBXBuildFile; fileRef = 968385171D9142E000ED04F7 /* README.md */; };
		9683853D1D91435100ED04F7 /* LICENSE in Resources */ = {isa = PBXBuildFile; fileRef = 968385251D91435100ED04F7 /* LICENSE */; };
		9683853E1D91435100ED04F7 /* MJExtensionConst.m in Sources */ = {isa = PBXBuildFile; fileRef = 968385291D91435100ED04F7 /* MJExtensionConst.m */; };
		9683853F1D91435100ED04F7 /* MJFoundation.m in Sources */ = {isa = PBXBuildFile; fileRef = 9683852B1D91435100ED04F7 /* MJFoundation.m */; };
		968385401D91435100ED04F7 /* MJProperty.m in Sources */ = {isa = PBXBuildFile; fileRef = 9683852D1D91435100ED04F7 /* MJProperty.m */; };
		968385411D91435100ED04F7 /* MJPropertyKey.m in Sources */ = {isa = PBXBuildFile; fileRef = 9683852F1D91435100ED04F7 /* MJPropertyKey.m */; };
		968385421D91435100ED04F7 /* MJPropertyType.m in Sources */ = {isa = PBXBuildFile; fileRef = 968385311D91435100ED04F7 /* MJPropertyType.m */; };
		968385431D91435100ED04F7 /* NSObject+MJClass.m in Sources */ = {isa = PBXBuildFile; fileRef = 968385331D91435100ED04F7 /* NSObject+MJClass.m */; };
		968385441D91435100ED04F7 /* NSObject+MJCoding.m in Sources */ = {isa = PBXBuildFile; fileRef = 968385351D91435100ED04F7 /* NSObject+MJCoding.m */; };
		968385451D91435100ED04F7 /* NSObject+MJKeyValue.m in Sources */ = {isa = PBXBuildFile; fileRef = 968385371D91435100ED04F7 /* NSObject+MJKeyValue.m */; };
		968385461D91435100ED04F7 /* NSObject+MJProperty.m in Sources */ = {isa = PBXBuildFile; fileRef = 968385391D91435100ED04F7 /* NSObject+MJProperty.m */; };
		968385471D91435100ED04F7 /* NSString+MJExtension.m in Sources */ = {isa = PBXBuildFile; fileRef = 9683853B1D91435100ED04F7 /* NSString+MJExtension.m */; };
		968385481D91435100ED04F7 /* README.md in Sources */ = {isa = PBXBuildFile; fileRef = 9683853C1D91435100ED04F7 /* README.md */; };
		9683854B1D9153EC00ED04F7 /* DS_BaseTableViewController.m in Sources */ = {isa = PBXBuildFile; fileRef = 9683854A1D9153EC00ED04F7 /* DS_BaseTableViewController.m */; };
		9683854E1D91540400ED04F7 /* DS_BaseViewController.m in Sources */ = {isa = PBXBuildFile; fileRef = 9683854D1D91540400ED04F7 /* DS_BaseViewController.m */; };
		968385511D91545B00ED04F7 /* DS_SearchBarView.m in Sources */ = {isa = PBXBuildFile; fileRef = 968385501D91545B00ED04F7 /* DS_SearchBarView.m */; };
		968385571D9260C500ED04F7 /* Localizable.strings in Resources */ = {isa = PBXBuildFile; fileRef = 968385591D9260C500ED04F7 /* Localizable.strings */; };
		9683855D1D92648A00ED04F7 /* UIBarButtonItem+WNXBarButtonItem.m in Sources */ = {isa = PBXBuildFile; fileRef = 9683855C1D92648A00ED04F7 /* UIBarButtonItem+WNXBarButtonItem.m */; };
/* End PBXBuildFile section */

/* Begin PBXContainerItemProxy section */
		968384A41D91360300ED04F7 /* PBXContainerItemProxy */ = {
			isa = PBXContainerItemProxy;
			containerPortal = 968384821D91360200ED04F7 /* Project object */;
			proxyType = 1;
			remoteGlobalIDString = 968384891D91360200ED04F7;
			remoteInfo = BaseCode;
		};
		968384AF1D91360300ED04F7 /* PBXContainerItemProxy */ = {
			isa = PBXContainerItemProxy;
			containerPortal = 968384821D91360200ED04F7 /* Project object */;
			proxyType = 1;
			remoteGlobalIDString = 968384891D91360200ED04F7;
			remoteInfo = BaseCode;
		};
/* End PBXContainerItemProxy section */

/* Begin PBXFileReference section */
		9683848A1D91360200ED04F7 /* BaseCode.app */ = {isa = PBXFileReference; explicitFileType = wrapper.application; includeInIndex = 0; path = BaseCode.app; sourceTree = BUILT_PRODUCTS_DIR; };
		9683848E1D91360200ED04F7 /* main.m */ = {isa = PBXFileReference; lastKnownFileType = sourcecode.c.objc; path = main.m; sourceTree = "<group>"; };
		968384901D91360200ED04F7 /* AppDelegate.h */ = {isa = PBXFileReference; lastKnownFileType = sourcecode.c.h; path = AppDelegate.h; sourceTree = "<group>"; };
		968384911D91360200ED04F7 /* AppDelegate.m */ = {isa = PBXFileReference; lastKnownFileType = sourcecode.c.objc; path = AppDelegate.m; sourceTree = "<group>"; };
		968384931D91360200ED04F7 /* ViewController.h */ = {isa = PBXFileReference; lastKnownFileType = sourcecode.c.h; path = ViewController.h; sourceTree = "<group>"; };
		968384941D91360200ED04F7 /* ViewController.m */ = {isa = PBXFileReference; lastKnownFileType = sourcecode.c.objc; path = ViewController.m; sourceTree = "<group>"; };
		968384971D91360200ED04F7 /* Base */ = {isa = PBXFileReference; lastKnownFileType = file.storyboard; name = Base; path = Base.lproj/Main.storyboard; sourceTree = "<group>"; };
		968384991D91360200ED04F7 /* Assets.xcassets */ = {isa = PBXFileReference; lastKnownFileType = folder.assetcatalog; path = Assets.xcassets; sourceTree = "<group>"; };
		9683849C1D91360200ED04F7 /* Base */ = {isa = PBXFileReference; lastKnownFileType = file.storyboard; name = Base; path = Base.lproj/LaunchScreen.storyboard; sourceTree = "<group>"; };
		9683849E1D91360300ED04F7 /* Info.plist */ = {isa = PBXFileReference; lastKnownFileType = text.plist.xml; path = Info.plist; sourceTree = "<group>"; };
		968384A31D91360300ED04F7 /* BaseCodeTests.xctest */ = {isa = PBXFileReference; explicitFileType = wrapper.cfbundle; includeInIndex = 0; path = BaseCodeTests.xctest; sourceTree = BUILT_PRODUCTS_DIR; };
		968384A71D91360300ED04F7 /* BaseCodeTests.m */ = {isa = PBXFileReference; lastKnownFileType = sourcecode.c.objc; path = BaseCodeTests.m; sourceTree = "<group>"; };
		968384A91D91360300ED04F7 /* Info.plist */ = {isa = PBXFileReference; lastKnownFileType = text.plist.xml; path = Info.plist; sourceTree = "<group>"; };
		968384AE1D91360300ED04F7 /* BaseCodeUITests.xctest */ = {isa = PBXFileReference; explicitFileType = wrapper.cfbundle; includeInIndex = 0; path = BaseCodeUITests.xctest; sourceTree = BUILT_PRODUCTS_DIR; };
		968384B21D91360300ED04F7 /* BaseCodeUITests.m */ = {isa = PBXFileReference; lastKnownFileType = sourcecode.c.objc; path = BaseCodeUITests.m; sourceTree = "<group>"; };
		968384B41D91360300ED04F7 /* Info.plist */ = {isa = PBXFileReference; lastKnownFileType = text.plist.xml; path = Info.plist; sourceTree = "<group>"; };
		968384C11D91367900ED04F7 /* RootTool.h */ = {isa = PBXFileReference; fileEncoding = 4; lastKnownFileType = sourcecode.c.h; path = RootTool.h; sourceTree = "<group>"; };
		968384C21D91367900ED04F7 /* RootTool.m */ = {isa = PBXFileReference; fileEncoding = 4; lastKnownFileType = sourcecode.c.objc; path = RootTool.m; sourceTree = "<group>"; };
		968384C71D91374500ED04F7 /* BaseTabBarController.h */ = {isa = PBXFileReference; fileEncoding = 4; lastKnownFileType = sourcecode.c.h; path = BaseTabBarController.h; sourceTree = "<group>"; };
		968384C81D91374500ED04F7 /* BaseTabBarController.m */ = {isa = PBXFileReference; fileEncoding = 4; lastKnownFileType = sourcecode.c.objc; path = BaseTabBarController.m; sourceTree = "<group>"; };
		968384CA1D9137E900ED04F7 /* BaseNavController.h */ = {isa = PBXFileReference; fileEncoding = 4; lastKnownFileType = sourcecode.c.h; path = BaseNavController.h; sourceTree = "<group>"; };
		968384CB1D9137E900ED04F7 /* BaseNavController.m */ = {isa = PBXFileReference; fileEncoding = 4; lastKnownFileType = sourcecode.c.objc; path = BaseNavController.m; sourceTree = "<group>"; };
		968384CD1D91393A00ED04F7 /* LeftSlideViewController.h */ = {isa = PBXFileReference; fileEncoding = 4; lastKnownFileType = sourcecode.c.h; path = LeftSlideViewController.h; sourceTree = "<group>"; };
		968384CE1D91393A00ED04F7 /* LeftSlideViewController.m */ = {isa = PBXFileReference; fileEncoding = 4; lastKnownFileType = sourcecode.c.objc; path = LeftSlideViewController.m; sourceTree = "<group>"; };
		968384D01D9139B000ED04F7 /* BaseTabBar.h */ = {isa = PBXFileReference; fileEncoding = 4; lastKnownFileType = sourcecode.c.h; path = BaseTabBar.h; sourceTree = "<group>"; };
		968384D11D9139B000ED04F7 /* BaseTabBar.m */ = {isa = PBXFileReference; fileEncoding = 4; lastKnownFileType = sourcecode.c.objc; path = BaseTabBar.m; sourceTree = "<group>"; };
		968384D61D913B8700ED04F7 /* UIImage+image.h */ = {isa = PBXFileReference; fileEncoding = 4; lastKnownFileType = sourcecode.c.h; path = "UIImage+image.h"; sourceTree = "<group>"; };
		968384D71D913B8700ED04F7 /* UIImage+image.m */ = {isa = PBXFileReference; fileEncoding = 4; lastKnownFileType = sourcecode.c.objc; path = "UIImage+image.m"; sourceTree = "<group>"; };
		968384D91D913C0000ED04F7 /* UIView+Frame.h */ = {isa = PBXFileReference; fileEncoding = 4; lastKnownFileType = sourcecode.c.h; path = "UIView+Frame.h"; sourceTree = "<group>"; };
		968384DA1D913C0000ED04F7 /* UIView+Frame.m */ = {isa = PBXFileReference; fileEncoding = 4; lastKnownFileType = sourcecode.c.objc; path = "UIView+Frame.m"; sourceTree = "<group>"; };
		968384DC1D913DFE00ED04F7 /* BaseViewController.h */ = {isa = PBXFileReference; fileEncoding = 4; lastKnownFileType = sourcecode.c.h; path = BaseViewController.h; sourceTree = "<group>"; };
		968384DD1D913DFE00ED04F7 /* BaseViewController.m */ = {isa = PBXFileReference; fileEncoding = 4; lastKnownFileType = sourcecode.c.objc; path = BaseViewController.m; sourceTree = "<group>"; };
		968384DF1D913E4600ED04F7 /* ViewController1.h */ = {isa = PBXFileReference; fileEncoding = 4; lastKnownFileType = sourcecode.c.h; path = ViewController1.h; sourceTree = "<group>"; };
		968384E01D913E4600ED04F7 /* ViewController1.m */ = {isa = PBXFileReference; fileEncoding = 4; lastKnownFileType = sourcecode.c.objc; path = ViewController1.m; sourceTree = "<group>"; };
		968384E21D913E5400ED04F7 /* ViewController2.h */ = {isa = PBXFileReference; fileEncoding = 4; lastKnownFileType = sourcecode.c.h; path = ViewController2.h; sourceTree = "<group>"; };
		968384E31D913E5400ED04F7 /* ViewController2.m */ = {isa = PBXFileReference; fileEncoding = 4; lastKnownFileType = sourcecode.c.objc; path = ViewController2.m; sourceTree = "<group>"; };
		968384E51D913E5A00ED04F7 /* ViewController3.h */ = {isa = PBXFileReference; fileEncoding = 4; lastKnownFileType = sourcecode.c.h; path = ViewController3.h; sourceTree = "<group>"; };
		968384E61D913E5A00ED04F7 /* ViewController3.m */ = {isa = PBXFileReference; fileEncoding = 4; lastKnownFileType = sourcecode.c.objc; path = ViewController3.m; sourceTree = "<group>"; };
		968384E81D913E6000ED04F7 /* ViewController4.h */ = {isa = PBXFileReference; fileEncoding = 4; lastKnownFileType = sourcecode.c.h; path = ViewController4.h; sourceTree = "<group>"; };
		968384E91D913E6000ED04F7 /* ViewController4.m */ = {isa = PBXFileReference; fileEncoding = 4; lastKnownFileType = sourcecode.c.objc; path = ViewController4.m; sourceTree = "<group>"; };
		968384EB1D913E6700ED04F7 /* ViewController5.h */ = {isa = PBXFileReference; fileEncoding = 4; lastKnownFileType = sourcecode.c.h; path = ViewController5.h; sourceTree = "<group>"; };
		968384EC1D913E6700ED04F7 /* ViewController5.m */ = {isa = PBXFileReference; fileEncoding = 4; lastKnownFileType = sourcecode.c.objc; path = ViewController5.m; sourceTree = "<group>"; };
		968384FC1D9142E000ED04F7 /* LICENSE */ = {isa = PBXFileReference; fileEncoding = 4; lastKnownFileType = text; path = LICENSE; sourceTree = "<group>"; };
		968384FE1D9142E000ED04F7 /* MASCompositeConstraint.h */ = {isa = PBXFileReference; fileEncoding = 4; lastKnownFileType = sourcecode.c.h; path = MASCompositeConstraint.h; sourceTree = "<group>"; };
		968384FF1D9142E000ED04F7 /* MASCompositeConstraint.m */ = {isa = PBXFileReference; fileEncoding = 4; lastKnownFileType = sourcecode.c.objc; path = MASCompositeConstraint.m; sourceTree = "<group>"; };
		968385001D9142E000ED04F7 /* MASConstraint+Private.h */ = {isa = PBXFileReference; fileEncoding = 4; lastKnownFileType = sourcecode.c.h; path = "MASConstraint+Private.h"; sourceTree = "<group>"; };
		968385011D9142E000ED04F7 /* MASConstraint.h */ = {isa = PBXFileReference; fileEncoding = 4; lastKnownFileType = sourcecode.c.h; path = MASConstraint.h; sourceTree = "<group>"; };
		968385021D9142E000ED04F7 /* MASConstraint.m */ = {isa = PBXFileReference; fileEncoding = 4; lastKnownFileType = sourcecode.c.objc; path = MASConstraint.m; sourceTree = "<group>"; };
		968385031D9142E000ED04F7 /* MASConstraintMaker.h */ = {isa = PBXFileReference; fileEncoding = 4; lastKnownFileType = sourcecode.c.h; path = MASConstraintMaker.h; sourceTree = "<group>"; };
		968385041D9142E000ED04F7 /* MASConstraintMaker.m */ = {isa = PBXFileReference; fileEncoding = 4; lastKnownFileType = sourcecode.c.objc; path = MASConstraintMaker.m; sourceTree = "<group>"; };
		968385051D9142E000ED04F7 /* MASLayoutConstraint.h */ = {isa = PBXFileReference; fileEncoding = 4; lastKnownFileType = sourcecode.c.h; path = MASLayoutConstraint.h; sourceTree = "<group>"; };
		968385061D9142E000ED04F7 /* MASLayoutConstraint.m */ = {isa = PBXFileReference; fileEncoding = 4; lastKnownFileType = sourcecode.c.objc; path = MASLayoutConstraint.m; sourceTree = "<group>"; };
		968385071D9142E000ED04F7 /* Masonry.h */ = {isa = PBXFileReference; fileEncoding = 4; lastKnownFileType = sourcecode.c.h; path = Masonry.h; sourceTree = "<group>"; };
		968385081D9142E000ED04F7 /* MASUtilities.h */ = {isa = PBXFileReference; fileEncoding = 4; lastKnownFileType = sourcecode.c.h; path = MASUtilities.h; sourceTree = "<group>"; };
		968385091D9142E000ED04F7 /* MASViewAttribute.h */ = {isa = PBXFileReference; fileEncoding = 4; lastKnownFileType = sourcecode.c.h; path = MASViewAttribute.h; sourceTree = "<group>"; };
		9683850A1D9142E000ED04F7 /* MASViewAttribute.m */ = {isa = PBXFileReference; fileEncoding = 4; lastKnownFileType = sourcecode.c.objc; path = MASViewAttribute.m; sourceTree = "<group>"; };
		9683850B1D9142E000ED04F7 /* MASViewConstraint.h */ = {isa = PBXFileReference; fileEncoding = 4; lastKnownFileType = sourcecode.c.h; path = MASViewConstraint.h; sourceTree = "<group>"; };
		9683850C1D9142E000ED04F7 /* MASViewConstraint.m */ = {isa = PBXFileReference; fileEncoding = 4; lastKnownFileType = sourcecode.c.objc; path = MASViewConstraint.m; sourceTree = "<group>"; };
		9683850D1D9142E000ED04F7 /* NSArray+MASAdditions.h */ = {isa = PBXFileReference; fileEncoding = 4; lastKnownFileType = sourcecode.c.h; path = "NSArray+MASAdditions.h"; sourceTree = "<group>"; };
		9683850E1D9142E000ED04F7 /* NSArray+MASAdditions.m */ = {isa = PBXFileReference; fileEncoding = 4; lastKnownFileType = sourcecode.c.objc; path = "NSArray+MASAdditions.m"; sourceTree = "<group>"; };
		9683850F1D9142E000ED04F7 /* NSArray+MASShorthandAdditions.h */ = {isa = PBXFileReference; fileEncoding = 4; lastKnownFileType = sourcecode.c.h; path = "NSArray+MASShorthandAdditions.h"; sourceTree = "<group>"; };
		968385101D9142E000ED04F7 /* NSLayoutConstraint+MASDebugAdditions.h */ = {isa = PBXFileReference; fileEncoding = 4; lastKnownFileType = sourcecode.c.h; path = "NSLayoutConstraint+MASDebugAdditions.h"; sourceTree = "<group>"; };
		968385111D9142E000ED04F7 /* NSLayoutConstraint+MASDebugAdditions.m */ = {isa = PBXFileReference; fileEncoding = 4; lastKnownFileType = sourcecode.c.objc; path = "NSLayoutConstraint+MASDebugAdditions.m"; sourceTree = "<group>"; };
		968385121D9142E000ED04F7 /* View+MASAdditions.h */ = {isa = PBXFileReference; fileEncoding = 4; lastKnownFileType = sourcecode.c.h; path = "View+MASAdditions.h"; sourceTree = "<group>"; };
		968385131D9142E000ED04F7 /* View+MASAdditions.m */ = {isa = PBXFileReference; fileEncoding = 4; lastKnownFileType = sourcecode.c.objc; path = "View+MASAdditions.m"; sourceTree = "<group>"; };
		968385141D9142E000ED04F7 /* View+MASShorthandAdditions.h */ = {isa = PBXFileReference; fileEncoding = 4; lastKnownFileType = sourcecode.c.h; path = "View+MASShorthandAdditions.h"; sourceTree = "<group>"; };
		968385151D9142E000ED04F7 /* ViewController+MASAdditions.h */ = {isa = PBXFileReference; fileEncoding = 4; lastKnownFileType = sourcecode.c.h; path = "ViewController+MASAdditions.h"; sourceTree = "<group>"; };
		968385161D9142E000ED04F7 /* ViewController+MASAdditions.m */ = {isa = PBXFileReference; fileEncoding = 4; lastKnownFileType = sourcecode.c.objc; path = "ViewController+MASAdditions.m"; sourceTree = "<group>"; };
		968385171D9142E000ED04F7 /* README.md */ = {isa = PBXFileReference; fileEncoding = 4; lastKnownFileType = net.daringfireball.markdown; path = README.md; sourceTree = "<group>"; };
		968385251D91435100ED04F7 /* LICENSE */ = {isa = PBXFileReference; fileEncoding = 4; lastKnownFileType = text; path = LICENSE; sourceTree = "<group>"; };
		968385271D91435100ED04F7 /* MJExtension.h */ = {isa = PBXFileReference; fileEncoding = 4; lastKnownFileType = sourcecode.c.h; path = MJExtension.h; sourceTree = "<group>"; };
		968385281D91435100ED04F7 /* MJExtensionConst.h */ = {isa = PBXFileReference; fileEncoding = 4; lastKnownFileType = sourcecode.c.h; path = MJExtensionConst.h; sourceTree = "<group>"; };
		968385291D91435100ED04F7 /* MJExtensionConst.m */ = {isa = PBXFileReference; fileEncoding = 4; lastKnownFileType = sourcecode.c.objc; path = MJExtensionConst.m; sourceTree = "<group>"; };
		9683852A1D91435100ED04F7 /* MJFoundation.h */ = {isa = PBXFileReference; fileEncoding = 4; lastKnownFileType = sourcecode.c.h; path = MJFoundation.h; sourceTree = "<group>"; };
		9683852B1D91435100ED04F7 /* MJFoundation.m */ = {isa = PBXFileReference; fileEncoding = 4; lastKnownFileType = sourcecode.c.objc; path = MJFoundation.m; sourceTree = "<group>"; };
		9683852C1D91435100ED04F7 /* MJProperty.h */ = {isa = PBXFileReference; fileEncoding = 4; lastKnownFileType = sourcecode.c.h; path = MJProperty.h; sourceTree = "<group>"; };
		9683852D1D91435100ED04F7 /* MJProperty.m */ = {isa = PBXFileReference; fileEncoding = 4; lastKnownFileType = sourcecode.c.objc; path = MJProperty.m; sourceTree = "<group>"; };
		9683852E1D91435100ED04F7 /* MJPropertyKey.h */ = {isa = PBXFileReference; fileEncoding = 4; lastKnownFileType = sourcecode.c.h; path = MJPropertyKey.h; sourceTree = "<group>"; };
		9683852F1D91435100ED04F7 /* MJPropertyKey.m */ = {isa = PBXFileReference; fileEncoding = 4; lastKnownFileType = sourcecode.c.objc; path = MJPropertyKey.m; sourceTree = "<group>"; };
		968385301D91435100ED04F7 /* MJPropertyType.h */ = {isa = PBXFileReference; fileEncoding = 4; lastKnownFileType = sourcecode.c.h; path = MJPropertyType.h; sourceTree = "<group>"; };
		968385311D91435100ED04F7 /* MJPropertyType.m */ = {isa = PBXFileReference; fileEncoding = 4; lastKnownFileType = sourcecode.c.objc; path = MJPropertyType.m; sourceTree = "<group>"; };
		968385321D91435100ED04F7 /* NSObject+MJClass.h */ = {isa = PBXFileReference; fileEncoding = 4; lastKnownFileType = sourcecode.c.h; path = "NSObject+MJClass.h"; sourceTree = "<group>"; };
		968385331D91435100ED04F7 /* NSObject+MJClass.m */ = {isa = PBXFileReference; fileEncoding = 4; lastKnownFileType = sourcecode.c.objc; path = "NSObject+MJClass.m"; sourceTree = "<group>"; };
		968385341D91435100ED04F7 /* NSObject+MJCoding.h */ = {isa = PBXFileReference; fileEncoding = 4; lastKnownFileType = sourcecode.c.h; path = "NSObject+MJCoding.h"; sourceTree = "<group>"; };
		968385351D91435100ED04F7 /* NSObject+MJCoding.m */ = {isa = PBXFileReference; fileEncoding = 4; lastKnownFileType = sourcecode.c.objc; path = "NSObject+MJCoding.m"; sourceTree = "<group>"; };
		968385361D91435100ED04F7 /* NSObject+MJKeyValue.h */ = {isa = PBXFileReference; fileEncoding = 4; lastKnownFileType = sourcecode.c.h; path = "NSObject+MJKeyValue.h"; sourceTree = "<group>"; };
		968385371D91435100ED04F7 /* NSObject+MJKeyValue.m */ = {isa = PBXFileReference; fileEncoding = 4; lastKnownFileType = sourcecode.c.objc; path = "NSObject+MJKeyValue.m"; sourceTree = "<group>"; };
		968385381D91435100ED04F7 /* NSObject+MJProperty.h */ = {isa = PBXFileReference; fileEncoding = 4; lastKnownFileType = sourcecode.c.h; path = "NSObject+MJProperty.h"; sourceTree = "<group>"; };
		968385391D91435100ED04F7 /* NSObject+MJProperty.m */ = {isa = PBXFileReference; fileEncoding = 4; lastKnownFileType = sourcecode.c.objc; path = "NSObject+MJProperty.m"; sourceTree = "<group>"; };
		9683853A1D91435100ED04F7 /* NSString+MJExtension.h */ = {isa = PBXFileReference; fileEncoding = 4; lastKnownFileType = sourcecode.c.h; path = "NSString+MJExtension.h"; sourceTree = "<group>"; };
		9683853B1D91435100ED04F7 /* NSString+MJExtension.m */ = {isa = PBXFileReference; fileEncoding = 4; lastKnownFileType = sourcecode.c.objc; path = "NSString+MJExtension.m"; sourceTree = "<group>"; };
		9683853C1D91435100ED04F7 /* README.md */ = {isa = PBXFileReference; fileEncoding = 4; lastKnownFileType = net.daringfireball.markdown; path = README.md; sourceTree = "<group>"; };
		968385491D9153EC00ED04F7 /* DS_BaseTableViewController.h */ = {isa = PBXFileReference; fileEncoding = 4; lastKnownFileType = sourcecode.c.h; path = DS_BaseTableViewController.h; sourceTree = "<group>"; };
		9683854A1D9153EC00ED04F7 /* DS_BaseTableViewController.m */ = {isa = PBXFileReference; fileEncoding = 4; lastKnownFileType = sourcecode.c.objc; path = DS_BaseTableViewController.m; sourceTree = "<group>"; };
		9683854C1D91540400ED04F7 /* DS_BaseViewController.h */ = {isa = PBXFileReference; fileEncoding = 4; lastKnownFileType = sourcecode.c.h; path = DS_BaseViewController.h; sourceTree = "<group>"; };
		9683854D1D91540400ED04F7 /* DS_BaseViewController.m */ = {isa = PBXFileReference; fileEncoding = 4; lastKnownFileType = sourcecode.c.objc; path = DS_BaseViewController.m; sourceTree = "<group>"; };
		9683854F1D91545B00ED04F7 /* DS_SearchBarView.h */ = {isa = PBXFileReference; fileEncoding = 4; lastKnownFileType = sourcecode.c.h; path = DS_SearchBarView.h; sourceTree = "<group>"; };
		968385501D91545B00ED04F7 /* DS_SearchBarView.m */ = {isa = PBXFileReference; fileEncoding = 4; lastKnownFileType = sourcecode.c.objc; path = DS_SearchBarView.m; sourceTree = "<group>"; };
		968385521D925FF100ED04F7 /* zh-Hans */ = {isa = PBXFileReference; lastKnownFileType = text.plist.strings; name = "zh-Hans"; path = "zh-Hans.lproj/Main.strings"; sourceTree = "<group>"; };
		968385531D925FF200ED04F7 /* zh-Hans */ = {isa = PBXFileReference; lastKnownFileType = text.plist.strings; name = "zh-Hans"; path = "zh-Hans.lproj/LaunchScreen.strings"; sourceTree = "<group>"; };
		968385581D9260C500ED04F7 /* en */ = {isa = PBXFileReference; lastKnownFileType = text.plist.strings; name = en; path = en.lproj/Localizable.strings; sourceTree = "<group>"; };
		9683855A1D9260CA00ED04F7 /* zh-Hans */ = {isa = PBXFileReference; lastKnownFileType = text.plist.strings; name = "zh-Hans"; path = "zh-Hans.lproj/Localizable.strings"; sourceTree = "<group>"; };
		9683855B1D92648A00ED04F7 /* UIBarButtonItem+WNXBarButtonItem.h */ = {isa = PBXFileReference; fileEncoding = 4; lastKnownFileType = sourcecode.c.h; path = "UIBarButtonItem+WNXBarButtonItem.h"; sourceTree = "<group>"; };
		9683855C1D92648A00ED04F7 /* UIBarButtonItem+WNXBarButtonItem.m */ = {isa = PBXFileReference; fileEncoding = 4; lastKnownFileType = sourcecode.c.objc; path = "UIBarButtonItem+WNXBarButtonItem.m"; sourceTree = "<group>"; };
		9683855E1D92651300ED04F7 /* PrefixHeader.pch */ = {isa = PBXFileReference; fileEncoding = 4; lastKnownFileType = sourcecode.c.h; path = PrefixHeader.pch; sourceTree = "<group>"; };
		9683855F1D92670E00ED04F7 /* DSGlobal.h */ = {isa = PBXFileReference; fileEncoding = 4; lastKnownFileType = sourcecode.c.h; path = DSGlobal.h; sourceTree = "<group>"; };
		968385601D92683F00ED04F7 /* LRMacroDefinitionHeader.h */ = {isa = PBXFileReference; fileEncoding = 4; lastKnownFileType = sourcecode.c.h; path = LRMacroDefinitionHeader.h; sourceTree = "<group>"; };
/* End PBXFileReference section */

/* Begin PBXFrameworksBuildPhase section */
		968384871D91360200ED04F7 /* Frameworks */ = {
			isa = PBXFrameworksBuildPhase;
			buildActionMask = 2147483647;
			files = (
			);
			runOnlyForDeploymentPostprocessing = 0;
		};
		968384A01D91360300ED04F7 /* Frameworks */ = {
			isa = PBXFrameworksBuildPhase;
			buildActionMask = 2147483647;
			files = (
			);
			runOnlyForDeploymentPostprocessing = 0;
		};
		968384AB1D91360300ED04F7 /* Frameworks */ = {
			isa = PBXFrameworksBuildPhase;
			buildActionMask = 2147483647;
			files = (
			);
			runOnlyForDeploymentPostprocessing = 0;
		};
/* End PBXFrameworksBuildPhase section */

/* Begin PBXGroup section */
		968384811D91360200ED04F7 = {
			isa = PBXGroup;
			children = (
				9683848C1D91360200ED04F7 /* BaseCode */,
				968384A61D91360300ED04F7 /* BaseCodeTests */,
				968384B11D91360300ED04F7 /* BaseCodeUITests */,
				9683848B1D91360200ED04F7 /* Products */,
			);
			sourceTree = "<group>";
		};
		9683848B1D91360200ED04F7 /* Products */ = {
			isa = PBXGroup;
			children = (
				9683848A1D91360200ED04F7 /* BaseCode.app */,
				968384A31D91360300ED04F7 /* BaseCodeTests.xctest */,
				968384AE1D91360300ED04F7 /* BaseCodeUITests.xctest */,
			);
			name = Products;
			sourceTree = "<group>";
		};
		9683848C1D91360200ED04F7 /* BaseCode */ = {
			isa = PBXGroup;
			children = (
				968384901D91360200ED04F7 /* AppDelegate.h */,
				968384911D91360200ED04F7 /* AppDelegate.m */,
				9683849E1D91360300ED04F7 /* Info.plist */,
				9683855E1D92651300ED04F7 /* PrefixHeader.pch */,
				9683855F1D92670E00ED04F7 /* DSGlobal.h */,
				968385601D92683F00ED04F7 /* LRMacroDefinitionHeader.h */,
				968385541D92607300ED04F7 /* Localizable */,
				968384D31D913AE900ED04F7 /* Category */,
				968384C01D91365A00ED04F7 /* BaseVC */,
				968384931D91360200ED04F7 /* ViewController.h */,
				968384941D91360200ED04F7 /* ViewController.m */,
				968385241D91435100ED04F7 /* MJExtension */,
				968384FB1D9142E000ED04F7 /* Masonry */,
				968384DF1D913E4600ED04F7 /* ViewController1.h */,
				968384E01D913E4600ED04F7 /* ViewController1.m */,
				968384E21D913E5400ED04F7 /* ViewController2.h */,
				968384E31D913E5400ED04F7 /* ViewController2.m */,
				968384E51D913E5A00ED04F7 /* ViewController3.h */,
				968384E61D913E5A00ED04F7 /* ViewController3.m */,
				968384E81D913E6000ED04F7 /* ViewController4.h */,
				968384E91D913E6000ED04F7 /* ViewController4.m */,
				968384EB1D913E6700ED04F7 /* ViewController5.h */,
				968384EC1D913E6700ED04F7 /* ViewController5.m */,
				968384961D91360200ED04F7 /* Main.storyboard */,
				968384991D91360200ED04F7 /* Assets.xcassets */,
				9683849B1D91360200ED04F7 /* LaunchScreen.storyboard */,
				9683848D1D91360200ED04F7 /* Supporting Files */,
			);
			path = BaseCode;
			sourceTree = "<group>";
		};
		9683848D1D91360200ED04F7 /* Supporting Files */ = {
			isa = PBXGroup;
			children = (
				9683848E1D91360200ED04F7 /* main.m */,
			);
			name = "Supporting Files";
			sourceTree = "<group>";
		};
		968384A61D91360300ED04F7 /* BaseCodeTests */ = {
			isa = PBXGroup;
			children = (
				968384A71D91360300ED04F7 /* BaseCodeTests.m */,
				968384A91D91360300ED04F7 /* Info.plist */,
			);
			path = BaseCodeTests;
			sourceTree = "<group>";
		};
		968384B11D91360300ED04F7 /* BaseCodeUITests */ = {
			isa = PBXGroup;
			children = (
				968384B21D91360300ED04F7 /* BaseCodeUITests.m */,
				968384B41D91360300ED04F7 /* Info.plist */,
			);
			path = BaseCodeUITests;
			sourceTree = "<group>";
		};
		968384C01D91365A00ED04F7 /* BaseVC */ = {
			isa = PBXGroup;
			children = (
				968384EE1D91414E00ED04F7 /* View */,
				968384C11D91367900ED04F7 /* RootTool.h */,
				968384C21D91367900ED04F7 /* RootTool.m */,
				968384CD1D91393A00ED04F7 /* LeftSlideViewController.h */,
				968384CE1D91393A00ED04F7 /* LeftSlideViewController.m */,
				968384C71D91374500ED04F7 /* BaseTabBarController.h */,
				968384C81D91374500ED04F7 /* BaseTabBarController.m */,
				968384D01D9139B000ED04F7 /* BaseTabBar.h */,
				968384D11D9139B000ED04F7 /* BaseTabBar.m */,
				968384CA1D9137E900ED04F7 /* BaseNavController.h */,
				968384CB1D9137E900ED04F7 /* BaseNavController.m */,
				968384DC1D913DFE00ED04F7 /* BaseViewController.h */,
				968384DD1D913DFE00ED04F7 /* BaseViewController.m */,
			);
			path = BaseVC;
			sourceTree = "<group>";
		};
		968384D31D913AE900ED04F7 /* Category */ = {
			isa = PBXGroup;
			children = (
				968384D41D913B3B00ED04F7 /* Foundation */,
				968384D51D913B3B00ED04F7 /* UIKit */,
			);
			path = Category;
			sourceTree = "<group>";
		};
		968384D41D913B3B00ED04F7 /* Foundation */ = {
			isa = PBXGroup;
			children = (
			);
			path = Foundation;
			sourceTree = "<group>";
		};
		968384D51D913B3B00ED04F7 /* UIKit */ = {
			isa = PBXGroup;
			children = (
				968384D61D913B8700ED04F7 /* UIImage+image.h */,
				968384D71D913B8700ED04F7 /* UIImage+image.m */,
				968384D91D913C0000ED04F7 /* UIView+Frame.h */,
				968384DA1D913C0000ED04F7 /* UIView+Frame.m */,
				9683855B1D92648A00ED04F7 /* UIBarButtonItem+WNXBarButtonItem.h */,
				9683855C1D92648A00ED04F7 /* UIBarButtonItem+WNXBarButtonItem.m */,
			);
			path = UIKit;
			sourceTree = "<group>";
		};
		968384EE1D91414E00ED04F7 /* View */ = {
			isa = PBXGroup;
			children = (
				9683854F1D91545B00ED04F7 /* DS_SearchBarView.h */,
				968385501D91545B00ED04F7 /* DS_SearchBarView.m */,
				968385491D9153EC00ED04F7 /* DS_BaseTableViewController.h */,
				9683854A1D9153EC00ED04F7 /* DS_BaseTableViewController.m */,
				9683854C1D91540400ED04F7 /* DS_BaseViewController.h */,
				9683854D1D91540400ED04F7 /* DS_BaseViewController.m */,
			);
			path = View;
			sourceTree = "<group>";
		};
		968384FB1D9142E000ED04F7 /* Masonry */ = {
			isa = PBXGroup;
			children = (
				968384FC1D9142E000ED04F7 /* LICENSE */,
				968384FD1D9142E000ED04F7 /* Masonry */,
				968385171D9142E000ED04F7 /* README.md */,
			);
			path = Masonry;
			sourceTree = "<group>";
		};
		968384FD1D9142E000ED04F7 /* Masonry */ = {
			isa = PBXGroup;
			children = (
				968384FE1D9142E000ED04F7 /* MASCompositeConstraint.h */,
				968384FF1D9142E000ED04F7 /* MASCompositeConstraint.m */,
				968385001D9142E000ED04F7 /* MASConstraint+Private.h */,
				968385011D9142E000ED04F7 /* MASConstraint.h */,
				968385021D9142E000ED04F7 /* MASConstraint.m */,
				968385031D9142E000ED04F7 /* MASConstraintMaker.h */,
				968385041D9142E000ED04F7 /* MASConstraintMaker.m */,
				968385051D9142E000ED04F7 /* MASLayoutConstraint.h */,
				968385061D9142E000ED04F7 /* MASLayoutConstraint.m */,
				968385071D9142E000ED04F7 /* Masonry.h */,
				968385081D9142E000ED04F7 /* MASUtilities.h */,
				968385091D9142E000ED04F7 /* MASViewAttribute.h */,
				9683850A1D9142E000ED04F7 /* MASViewAttribute.m */,
				9683850B1D9142E000ED04F7 /* MASViewConstraint.h */,
				9683850C1D9142E000ED04F7 /* MASViewConstraint.m */,
				9683850D1D9142E000ED04F7 /* NSArray+MASAdditions.h */,
				9683850E1D9142E000ED04F7 /* NSArray+MASAdditions.m */,
				9683850F1D9142E000ED04F7 /* NSArray+MASShorthandAdditions.h */,
				968385101D9142E000ED04F7 /* NSLayoutConstraint+MASDebugAdditions.h */,
				968385111D9142E000ED04F7 /* NSLayoutConstraint+MASDebugAdditions.m */,
				968385121D9142E000ED04F7 /* View+MASAdditions.h */,
				968385131D9142E000ED04F7 /* View+MASAdditions.m */,
				968385141D9142E000ED04F7 /* View+MASShorthandAdditions.h */,
				968385151D9142E000ED04F7 /* ViewController+MASAdditions.h */,
				968385161D9142E000ED04F7 /* ViewController+MASAdditions.m */,
			);
			path = Masonry;
			sourceTree = "<group>";
		};
		968385241D91435100ED04F7 /* MJExtension */ = {
			isa = PBXGroup;
			children = (
				968385251D91435100ED04F7 /* LICENSE */,
				968385261D91435100ED04F7 /* MJExtension */,
				9683853C1D91435100ED04F7 /* README.md */,
			);
			path = MJExtension;
			sourceTree = "<group>";
		};
		968385261D91435100ED04F7 /* MJExtension */ = {
			isa = PBXGroup;
			children = (
				968385271D91435100ED04F7 /* MJExtension.h */,
				968385281D91435100ED04F7 /* MJExtensionConst.h */,
				968385291D91435100ED04F7 /* MJExtensionConst.m */,
				9683852A1D91435100ED04F7 /* MJFoundation.h */,
				9683852B1D91435100ED04F7 /* MJFoundation.m */,
				9683852C1D91435100ED04F7 /* MJProperty.h */,
				9683852D1D91435100ED04F7 /* MJProperty.m */,
				9683852E1D91435100ED04F7 /* MJPropertyKey.h */,
				9683852F1D91435100ED04F7 /* MJPropertyKey.m */,
				968385301D91435100ED04F7 /* MJPropertyType.h */,
				968385311D91435100ED04F7 /* MJPropertyType.m */,
				968385321D91435100ED04F7 /* NSObject+MJClass.h */,
				968385331D91435100ED04F7 /* NSObject+MJClass.m */,
				968385341D91435100ED04F7 /* NSObject+MJCoding.h */,
				968385351D91435100ED04F7 /* NSObject+MJCoding.m */,
				968385361D91435100ED04F7 /* NSObject+MJKeyValue.h */,
				968385371D91435100ED04F7 /* NSObject+MJKeyValue.m */,
				968385381D91435100ED04F7 /* NSObject+MJProperty.h */,
				968385391D91435100ED04F7 /* NSObject+MJProperty.m */,
				9683853A1D91435100ED04F7 /* NSString+MJExtension.h */,
				9683853B1D91435100ED04F7 /* NSString+MJExtension.m */,
			);
			path = MJExtension;
			sourceTree = "<group>";
		};
		968385541D92607300ED04F7 /* Localizable */ = {
			isa = PBXGroup;
			children = (
				968385591D9260C500ED04F7 /* Localizable.strings */,
			);
			path = Localizable;
			sourceTree = "<group>";
		};
/* End PBXGroup section */

/* Begin PBXNativeTarget section */
		968384891D91360200ED04F7 /* BaseCode */ = {
			isa = PBXNativeTarget;
			buildConfigurationList = 968384B71D91360300ED04F7 /* Build configuration list for PBXNativeTarget "BaseCode" */;
			buildPhases = (
				968384861D91360200ED04F7 /* Sources */,
				968384871D91360200ED04F7 /* Frameworks */,
				968384881D91360200ED04F7 /* Resources */,
			);
			buildRules = (
			);
			dependencies = (
			);
			name = BaseCode;
			productName = BaseCode;
			productReference = 9683848A1D91360200ED04F7 /* BaseCode.app */;
			productType = "com.apple.product-type.application";
		};
		968384A21D91360300ED04F7 /* BaseCodeTests */ = {
			isa = PBXNativeTarget;
			buildConfigurationList = 968384BA1D91360300ED04F7 /* Build configuration list for PBXNativeTarget "BaseCodeTests" */;
			buildPhases = (
				9683849F1D91360300ED04F7 /* Sources */,
				968384A01D91360300ED04F7 /* Frameworks */,
				968384A11D91360300ED04F7 /* Resources */,
			);
			buildRules = (
			);
			dependencies = (
				968384A51D91360300ED04F7 /* PBXTargetDependency */,
			);
			name = BaseCodeTests;
			productName = BaseCodeTests;
			productReference = 968384A31D91360300ED04F7 /* BaseCodeTests.xctest */;
			productType = "com.apple.product-type.bundle.unit-test";
		};
		968384AD1D91360300ED04F7 /* BaseCodeUITests */ = {
			isa = PBXNativeTarget;
			buildConfigurationList = 968384BD1D91360300ED04F7 /* Build configuration list for PBXNativeTarget "BaseCodeUITests" */;
			buildPhases = (
				968384AA1D91360300ED04F7 /* Sources */,
				968384AB1D91360300ED04F7 /* Frameworks */,
				968384AC1D91360300ED04F7 /* Resources */,
			);
			buildRules = (
			);
			dependencies = (
				968384B01D91360300ED04F7 /* PBXTargetDependency */,
			);
			name = BaseCodeUITests;
			productName = BaseCodeUITests;
			productReference = 968384AE1D91360300ED04F7 /* BaseCodeUITests.xctest */;
			productType = "com.apple.product-type.bundle.ui-testing";
		};
/* End PBXNativeTarget section */

/* Begin PBXProject section */
		968384821D91360200ED04F7 /* Project object */ = {
			isa = PBXProject;
			attributes = {
				LastUpgradeCheck = 0800;
				ORGANIZATIONNAME = YSSJ;
				TargetAttributes = {
					968384891D91360200ED04F7 = {
						CreatedOnToolsVersion = 8.0;
						ProvisioningStyle = Automatic;
					};
					968384A21D91360300ED04F7 = {
						CreatedOnToolsVersion = 8.0;
						ProvisioningStyle = Automatic;
						TestTargetID = 968384891D91360200ED04F7;
					};
					968384AD1D91360300ED04F7 = {
						CreatedOnToolsVersion = 8.0;
						ProvisioningStyle = Automatic;
						TestTargetID = 968384891D91360200ED04F7;
					};
				};
			};
			buildConfigurationList = 968384851D91360200ED04F7 /* Build configuration list for PBXProject "BaseCode" */;
			compatibilityVersion = "Xcode 3.2";
			developmentRegion = English;
			hasScannedForEncodings = 0;
			knownRegions = (
				en,
				Base,
				"zh-Hans",
			);
			mainGroup = 968384811D91360200ED04F7;
			productRefGroup = 9683848B1D91360200ED04F7 /* Products */;
			projectDirPath = "";
			projectRoot = "";
			targets = (
				968384891D91360200ED04F7 /* BaseCode */,
				968384A21D91360300ED04F7 /* BaseCodeTests */,
				968384AD1D91360300ED04F7 /* BaseCodeUITests */,
			);
		};
/* End PBXProject section */

/* Begin PBXResourcesBuildPhase section */
		968384881D91360200ED04F7 /* Resources */ = {
			isa = PBXResourcesBuildPhase;
			buildActionMask = 2147483647;
			files = (
				9683849D1D91360200ED04F7 /* LaunchScreen.storyboard in Resources */,
				968385571D9260C500ED04F7 /* Localizable.strings in Resources */,
				9683849A1D91360200ED04F7 /* Assets.xcassets in Resources */,
				968385181D9142E000ED04F7 /* LICENSE in Resources */,
				968384981D91360200ED04F7 /* Main.storyboard in Resources */,
				9683853D1D91435100ED04F7 /* LICENSE in Resources */,
			);
			runOnlyForDeploymentPostprocessing = 0;
		};
		968384A11D91360300ED04F7 /* Resources */ = {
			isa = PBXResourcesBuildPhase;
			buildActionMask = 2147483647;
			files = (
			);
			runOnlyForDeploymentPostprocessing = 0;
		};
		968384AC1D91360300ED04F7 /* Resources */ = {
			isa = PBXResourcesBuildPhase;
			buildActionMask = 2147483647;
			files = (
			);
			runOnlyForDeploymentPostprocessing = 0;
		};
/* End PBXResourcesBuildPhase section */

/* Begin PBXSourcesBuildPhase section */
		968384861D91360200ED04F7 /* Sources */ = {
			isa = PBXSourcesBuildPhase;
			buildActionMask = 2147483647;
			files = (
				968384ED1D913E6700ED04F7 /* ViewController5.m in Sources */,
				968384C91D91374500ED04F7 /* BaseTabBarController.m in Sources */,
				968384E41D913E5400ED04F7 /* ViewController2.m in Sources */,
				968385471D91435100ED04F7 /* NSString+MJExtension.m in Sources */,
				968385231D9142E000ED04F7 /* README.md in Sources */,
				9683851C1D9142E000ED04F7 /* MASLayoutConstraint.m in Sources */,
				968384CF1D91393A00ED04F7 /* LeftSlideViewController.m in Sources */,
				968385461D91435100ED04F7 /* NSObject+MJProperty.m in Sources */,
				968385401D91435100ED04F7 /* MJProperty.m in Sources */,
				968384DE1D913DFE00ED04F7 /* BaseViewController.m in Sources */,
				968385421D91435100ED04F7 /* MJPropertyType.m in Sources */,
				9683853E1D91435100ED04F7 /* MJExtensionConst.m in Sources */,
				968384951D91360200ED04F7 /* ViewController.m in Sources */,
				968384CC1D9137E900ED04F7 /* BaseNavController.m in Sources */,
				968385431D91435100ED04F7 /* NSObject+MJClass.m in Sources */,
				968384E71D913E5A00ED04F7 /* ViewController3.m in Sources */,
				9683853F1D91435100ED04F7 /* MJFoundation.m in Sources */,
				9683851D1D9142E000ED04F7 /* MASViewAttribute.m in Sources */,
				968384921D91360200ED04F7 /* AppDelegate.m in Sources */,
				9683855D1D92648A00ED04F7 /* UIBarButtonItem+WNXBarButtonItem.m in Sources */,
				9683851B1D9142E000ED04F7 /* MASConstraintMaker.m in Sources */,
				968385511D91545B00ED04F7 /* DS_SearchBarView.m in Sources */,
				968385211D9142E000ED04F7 /* View+MASAdditions.m in Sources */,
				9683854E1D91540400ED04F7 /* DS_BaseViewController.m in Sources */,
				9683851E1D9142E000ED04F7 /* MASViewConstraint.m in Sources */,
				968385191D9142E000ED04F7 /* MASCompositeConstraint.m in Sources */,
				968385481D91435100ED04F7 /* README.md in Sources */,
				9683848F1D91360200ED04F7 /* main.m in Sources */,
				968385411D91435100ED04F7 /* MJPropertyKey.m in Sources */,
				968384D21D9139B000ED04F7 /* BaseTabBar.m in Sources */,
				968385451D91435100ED04F7 /* NSObject+MJKeyValue.m in Sources */,
				9683854B1D9153EC00ED04F7 /* DS_BaseTableViewController.m in Sources */,
				9683851A1D9142E000ED04F7 /* MASConstraint.m in Sources */,
				968384E11D913E4600ED04F7 /* ViewController1.m in Sources */,
				968384EA1D913E6000ED04F7 /* ViewController4.m in Sources */,
				968385201D9142E000ED04F7 /* NSLayoutConstraint+MASDebugAdditions.m in Sources */,
				9683851F1D9142E000ED04F7 /* NSArray+MASAdditions.m in Sources */,
				968385221D9142E000ED04F7 /* ViewController+MASAdditions.m in Sources */,
				968385441D91435100ED04F7 /* NSObject+MJCoding.m in Sources */,
				968384C31D91367A00ED04F7 /* RootTool.m in Sources */,
				968384DB1D913C0000ED04F7 /* UIView+Frame.m in Sources */,
				968384D81D913B8700ED04F7 /* UIImage+image.m in Sources */,
			);
			runOnlyForDeploymentPostprocessing = 0;
		};
		9683849F1D91360300ED04F7 /* Sources */ = {
			isa = PBXSourcesBuildPhase;
			buildActionMask = 2147483647;
			files = (
				968384A81D91360300ED04F7 /* BaseCodeTests.m in Sources */,
			);
			runOnlyForDeploymentPostprocessing = 0;
		};
		968384AA1D91360300ED04F7 /* Sources */ = {
			isa = PBXSourcesBuildPhase;
			buildActionMask = 2147483647;
			files = (
				968384B31D91360300ED04F7 /* BaseCodeUITests.m in Sources */,
			);
			runOnlyForDeploymentPostprocessing = 0;
		};
/* End PBXSourcesBuildPhase section */

/* Begin PBXTargetDependency section */
		968384A51D91360300ED04F7 /* PBXTargetDependency */ = {
			isa = PBXTargetDependency;
			target = 968384891D91360200ED04F7 /* BaseCode */;
			targetProxy = 968384A41D91360300ED04F7 /* PBXContainerItemProxy */;
		};
		968384B01D91360300ED04F7 /* PBXTargetDependency */ = {
			isa = PBXTargetDependency;
			target = 968384891D91360200ED04F7 /* BaseCode */;
			targetProxy = 968384AF1D91360300ED04F7 /* PBXContainerItemProxy */;
		};
/* End PBXTargetDependency section */

/* Begin PBXVariantGroup section */
		968384961D91360200ED04F7 /* Main.storyboard */ = {
			isa = PBXVariantGroup;
			children = (
				968384971D91360200ED04F7 /* Base */,
				968385521D925FF100ED04F7 /* zh-Hans */,
			);
			name = Main.storyboard;
			sourceTree = "<group>";
		};
		9683849B1D91360200ED04F7 /* LaunchScreen.storyboard */ = {
			isa = PBXVariantGroup;
			children = (
				9683849C1D91360200ED04F7 /* Base */,
				968385531D925FF200ED04F7 /* zh-Hans */,
			);
			name = LaunchScreen.storyboard;
			sourceTree = "<group>";
		};
		968385591D9260C500ED04F7 /* Localizable.strings */ = {
			isa = PBXVariantGroup;
			children = (
				968385581D9260C500ED04F7 /* en */,
				9683855A1D9260CA00ED04F7 /* zh-Hans */,
			);
			name = Localizable.strings;
			sourceTree = "<group>";
		};
/* End PBXVariantGroup section */

/* Begin XCBuildConfiguration section */
		968384B51D91360300ED04F7 /* Debug */ = {
			isa = XCBuildConfiguration;
			buildSettings = {
				ALWAYS_SEARCH_USER_PATHS = NO;
				CLANG_ANALYZER_LOCALIZABILITY_NONLOCALIZED = YES;
				CLANG_ANALYZER_NONNULL = YES;
				CLANG_CXX_LANGUAGE_STANDARD = "gnu++0x";
				CLANG_CXX_LIBRARY = "libc++";
				CLANG_ENABLE_MODULES = YES;
				CLANG_ENABLE_OBJC_ARC = YES;
				CLANG_WARN_BOOL_CONVERSION = YES;
				CLANG_WARN_CONSTANT_CONVERSION = YES;
				CLANG_WARN_DIRECT_OBJC_ISA_USAGE = YES_ERROR;
				CLANG_WARN_DOCUMENTATION_COMMENTS = YES;
				CLANG_WARN_EMPTY_BODY = YES;
				CLANG_WARN_ENUM_CONVERSION = YES;
				CLANG_WARN_INFINITE_RECURSION = YES;
				CLANG_WARN_INT_CONVERSION = YES;
				CLANG_WARN_OBJC_ROOT_CLASS = YES_ERROR;
				CLANG_WARN_SUSPICIOUS_MOVES = YES;
				CLANG_WARN_UNREACHABLE_CODE = YES;
				CLANG_WARN__DUPLICATE_METHOD_MATCH = YES;
				"CODE_SIGN_IDENTITY[sdk=iphoneos*]" = "iPhone Developer";
				COPY_PHASE_STRIP = NO;
				DEBUG_INFORMATION_FORMAT = dwarf;
				ENABLE_STRICT_OBJC_MSGSEND = YES;
				ENABLE_TESTABILITY = YES;
				GCC_C_LANGUAGE_STANDARD = gnu99;
				GCC_DYNAMIC_NO_PIC = NO;
				GCC_NO_COMMON_BLOCKS = YES;
				GCC_OPTIMIZATION_LEVEL = 0;
				GCC_PREPROCESSOR_DEFINITIONS = (
					"DEBUG=1",
					"$(inherited)",
				);
				GCC_WARN_64_TO_32_BIT_CONVERSION = YES;
				GCC_WARN_ABOUT_RETURN_TYPE = YES_ERROR;
				GCC_WARN_UNDECLARED_SELECTOR = YES;
				GCC_WARN_UNINITIALIZED_AUTOS = YES_AGGRESSIVE;
				GCC_WARN_UNUSED_FUNCTION = YES;
				GCC_WARN_UNUSED_VARIABLE = YES;
				IPHONEOS_DEPLOYMENT_TARGET = 10.0;
				MTL_ENABLE_DEBUG_INFO = YES;
				ONLY_ACTIVE_ARCH = YES;
				SDKROOT = iphoneos;
				TARGETED_DEVICE_FAMILY = "1,2";
			};
			name = Debug;
		};
		968384B61D91360300ED04F7 /* Release */ = {
			isa = XCBuildConfiguration;
			buildSettings = {
				ALWAYS_SEARCH_USER_PATHS = NO;
				CLANG_ANALYZER_LOCALIZABILITY_NONLOCALIZED = YES;
				CLANG_ANALYZER_NONNULL = YES;
				CLANG_CXX_LANGUAGE_STANDARD = "gnu++0x";
				CLANG_CXX_LIBRARY = "libc++";
				CLANG_ENABLE_MODULES = YES;
				CLANG_ENABLE_OBJC_ARC = YES;
				CLANG_WARN_BOOL_CONVERSION = YES;
				CLANG_WARN_CONSTANT_CONVERSION = YES;
				CLANG_WARN_DIRECT_OBJC_ISA_USAGE = YES_ERROR;
				CLANG_WARN_DOCUMENTATION_COMMENTS = YES;
				CLANG_WARN_EMPTY_BODY = YES;
				CLANG_WARN_ENUM_CONVERSION = YES;
				CLANG_WARN_INFINITE_RECURSION = YES;
				CLANG_WARN_INT_CONVERSION = YES;
				CLANG_WARN_OBJC_ROOT_CLASS = YES_ERROR;
				CLANG_WARN_SUSPICIOUS_MOVES = YES;
				CLANG_WARN_UNREACHABLE_CODE = YES;
				CLANG_WARN__DUPLICATE_METHOD_MATCH = YES;
				"CODE_SIGN_IDENTITY[sdk=iphoneos*]" = "iPhone Developer";
				COPY_PHASE_STRIP = NO;
				DEBUG_INFORMATION_FORMAT = "dwarf-with-dsym";
				ENABLE_NS_ASSERTIONS = NO;
				ENABLE_STRICT_OBJC_MSGSEND = YES;
				GCC_C_LANGUAGE_STANDARD = gnu99;
				GCC_NO_COMMON_BLOCKS = YES;
				GCC_WARN_64_TO_32_BIT_CONVERSION = YES;
				GCC_WARN_ABOUT_RETURN_TYPE = YES_ERROR;
				GCC_WARN_UNDECLARED_SELECTOR = YES;
				GCC_WARN_UNINITIALIZED_AUTOS = YES_AGGRESSIVE;
				GCC_WARN_UNUSED_FUNCTION = YES;
				GCC_WARN_UNUSED_VARIABLE = YES;
				IPHONEOS_DEPLOYMENT_TARGET = 10.0;
				MTL_ENABLE_DEBUG_INFO = NO;
				SDKROOT = iphoneos;
				TARGETED_DEVICE_FAMILY = "1,2";
				VALIDATE_PRODUCT = YES;
			};
			name = Release;
		};
		968384B81D91360300ED04F7 /* Debug */ = {
			isa = XCBuildConfiguration;
			buildSettings = {
				ASSETCATALOG_COMPILER_APPICON_NAME = AppIcon;
				GCC_PREFIX_HEADER = BaseCode/PrefixHeader.pch;
				INFOPLIST_FILE = BaseCode/Info.plist;
				LD_RUNPATH_SEARCH_PATHS = "$(inherited) @executable_path/Frameworks";
				PRODUCT_BUNDLE_IDENTIFIER = com.yunshangshiji.BaseCode;
				PRODUCT_NAME = "$(TARGET_NAME)";
			};
			name = Debug;
		};
		968384B91D91360300ED04F7 /* Release */ = {
			isa = XCBuildConfiguration;
			buildSettings = {
				ASSETCATALOG_COMPILER_APPICON_NAME = AppIcon;
				GCC_PREFIX_HEADER = BaseCode/PrefixHeader.pch;
				INFOPLIST_FILE = BaseCode/Info.plist;
				LD_RUNPATH_SEARCH_PATHS = "$(inherited) @executable_path/Frameworks";
				PRODUCT_BUNDLE_IDENTIFIER = com.yunshangshiji.BaseCode;
				PRODUCT_NAME = "$(TARGET_NAME)";
			};
			name = Release;
		};
		968384BB1D91360300ED04F7 /* Debug */ = {
			isa = XCBuildConfiguration;
			buildSettings = {
				BUNDLE_LOADER = "$(TEST_HOST)";
				GCC_PREFIX_HEADER = "";
				INFOPLIST_FILE = BaseCodeTests/Info.plist;
				LD_RUNPATH_SEARCH_PATHS = "$(inherited) @executable_path/Frameworks @loader_path/Frameworks";
				PRODUCT_BUNDLE_IDENTIFIER = com.yunshangshiji.BaseCodeTests;
				PRODUCT_NAME = "$(TARGET_NAME)";
				TEST_HOST = "$(BUILT_PRODUCTS_DIR)/BaseCode.app/BaseCode";
			};
			name = Debug;
		};
		968384BC1D91360300ED04F7 /* Release */ = {
			isa = XCBuildConfiguration;
			buildSettings = {
				BUNDLE_LOADER = "$(TEST_HOST)";
				GCC_PREFIX_HEADER = "";
				INFOPLIST_FILE = BaseCodeTests/Info.plist;
				LD_RUNPATH_SEARCH_PATHS = "$(inherited) @executable_path/Frameworks @loader_path/Frameworks";
				PRODUCT_BUNDLE_IDENTIFIER = com.yunshangshiji.BaseCodeTests;
				PRODUCT_NAME = "$(TARGET_NAME)";
				TEST_HOST = "$(BUILT_PRODUCTS_DIR)/BaseCode.app/BaseCode";
			};
			name = Release;
		};
		968384BE1D91360300ED04F7 /* Debug */ = {
			isa = XCBuildConfiguration;
			buildSettings = {
				INFOPLIST_FILE = BaseCodeUITests/Info.plist;
				LD_RUNPATH_SEARCH_PATHS = "$(inherited) @executable_path/Frameworks @loader_path/Frameworks";
				PRODUCT_BUNDLE_IDENTIFIER = com.yunshangshiji.BaseCodeUITests;
				PRODUCT_NAME = "$(TARGET_NAME)";
				TEST_TARGET_NAME = BaseCode;
			};
			name = Debug;
		};
		968384BF1D91360300ED04F7 /* Release */ = {
			isa = XCBuildConfiguration;
			buildSettings = {
				INFOPLIST_FILE = BaseCodeUITests/Info.plist;
				LD_RUNPATH_SEARCH_PATHS = "$(inherited) @executable_path/Frameworks @loader_path/Frameworks";
				PRODUCT_BUNDLE_IDENTIFIER = com.yunshangshiji.BaseCodeUITests;
				PRODUCT_NAME = "$(TARGET_NAME)";
				TEST_TARGET_NAME = BaseCode;
			};
			name = Release;
		};
/* End XCBuildConfiguration section */

/* Begin XCConfigurationList section */
		968384851D91360200ED04F7 /* Build configuration list for PBXProject "BaseCode" */ = {
			isa = XCConfigurationList;
			buildConfigurations = (
				968384B51D91360300ED04F7 /* Debug */,
				968384B61D91360300ED04F7 /* Release */,
			);
			defaultConfigurationIsVisible = 0;
			defaultConfigurationName = Release;
		};
		968384B71D91360300ED04F7 /* Build configuration list for PBXNativeTarget "BaseCode" */ = {
			isa = XCConfigurationList;
			buildConfigurations = (
				968384B81D91360300ED04F7 /* Debug */,
				968384B91D91360300ED04F7 /* Release */,
			);
			defaultConfigurationIsVisible = 0;
		};
		968384BA1D91360300ED04F7 /* Build configuration list for PBXNativeTarget "BaseCodeTests" */ = {
			isa = XCConfigurationList;
			buildConfigurations = (
				968384BB1D91360300ED04F7 /* Debug */,
				968384BC1D91360300ED04F7 /* Release */,
			);
			defaultConfigurationIsVisible = 0;
		};
		968384BD1D91360300ED04F7 /* Build configuration list for PBXNativeTarget "BaseCodeUITests" */ = {
			isa = XCConfigurationList;
			buildConfigurations = (
				968384BE1D91360300ED04F7 /* Debug */,
				968384BF1D91360300ED04F7 /* Release */,
			);
			defaultConfigurationIsVisible = 0;
		};
/* End XCConfigurationList section */
	};
	rootObject = 968384821D91360200ED04F7 /* Project object */;
}
