// !$*UTF8*$!
{
	archiveVersion = 1;
	classes = {
	};
	objectVersion = 46;
	objects = {

/* Begin PBXBuildFile section */
		9683848F1D91360200ED04F7 /* main.m in Sources */ = {isa = PBXBuildFile; fileRef = 9683848E1D91360200ED04F7 /* main.m */; };
		968384921D91360200ED04F7 /* AppDelegate.m in Sources */ = {isa = PBXBuildFile; fileRef = 968384911D91360200ED04F7 /* AppDelegate.m */; };
		968384951D91360200ED04F7 /* ViewController.m in Sources */ = {isa = PBXBuildFile; fileRef = 968384941D91360200ED04F7 /* ViewController.m */; };
		968384981D91360200ED04F7 /* Main.storyboard in Resources */ = {isa = PBXBuildFile; fileRef = 968384961D91360200ED04F7 /* Main.storyboard */; };
		9683849A1D91360200ED04F7 /* Assets.xcassets in Resources */ = {isa = PBXBuildFile; fileRef = 968384991D91360200ED04F7 /* Assets.xcassets */; };
		9683849D1D91360200ED04F7 /* LaunchScreen.storyboard in Resources */ = {isa = PBXBuildFile; fileRef = 9683849B1D91360200ED04F7 /* LaunchScreen.storyboard */; };
		968384A81D91360300ED04F7 /* BaseCodeTests.m in Sources */ = {isa = PBXBuildFile; fileRef = 968384A71D91360300ED04F7 /* BaseCodeTests.m */; };
		968384B31D91360300ED04F7 /* BaseCodeUITests.m in Sources */ = {isa = PBXBuildFile; fileRef = 968384B21D91360300ED04F7 /* BaseCodeUITests.m */; };
/* End PBXBuildFile section */

/* Begin PBXContainerItemProxy section */
		968384A41D91360300ED04F7 /* PBXContainerItemProxy */ = {
			isa = PBXContainerItemProxy;
			containerPortal = 968384821D91360200ED04F7 /* Project object */;
			proxyType = 1;
			remoteGlobalIDString = 968384891D91360200ED04F7;
			remoteInfo = BaseCode;
		};
		968384AF1D91360300ED04F7 /* PBXContainerItemProxy */ = {
			isa = PBXContainerItemProxy;
			containerPortal = 968384821D91360200ED04F7 /* Project object */;
			proxyType = 1;
			remoteGlobalIDString = 968384891D91360200ED04F7;
			remoteInfo = BaseCode;
		};
/* End PBXContainerItemProxy section */

/* Begin PBXFileReference section */
		9683848A1D91360200ED04F7 /* BaseCode.app */ = {isa = PBXFileReference; explicitFileType = wrapper.application; includeInIndex = 0; path = BaseCode.app; sourceTree = BUILT_PRODUCTS_DIR; };
		9683848E1D91360200ED04F7 /* main.m */ = {isa = PBXFileReference; lastKnownFileType = sourcecode.c.objc; path = main.m; sourceTree = "<group>"; };
		968384901D91360200ED04F7 /* AppDelegate.h */ = {isa = PBXFileReference; lastKnownFileType = sourcecode.c.h; path = AppDelegate.h; sourceTree = "<group>"; };
		968384911D91360200ED04F7 /* AppDelegate.m */ = {isa = PBXFileReference; lastKnownFileType = sourcecode.c.objc; path = AppDelegate.m; sourceTree = "<group>"; };
		968384931D91360200ED04F7 /* ViewController.h */ = {isa = PBXFileReference; lastKnownFileType = sourcecode.c.h; path = ViewController.h; sourceTree = "<group>"; };
		968384941D91360200ED04F7 /* ViewController.m */ = {isa = PBXFileReference; lastKnownFileType = sourcecode.c.objc; path = ViewController.m; sourceTree = "<group>"; };
		968384971D91360200ED04F7 /* Base */ = {isa = PBXFileReference; lastKnownFileType = file.storyboard; name = Base; path = Base.lproj/Main.storyboard; sourceTree = "<group>"; };
		968384991D91360200ED04F7 /* Assets.xcassets */ = {isa = PBXFileReference; lastKnownFileType = folder.assetcatalog; path = Assets.xcassets; sourceTree = "<group>"; };
		9683849C1D91360200ED04F7 /* Base */ = {isa = PBXFileReference; lastKnownFileType = file.storyboard; name = Base; path = Base.lproj/LaunchScreen.storyboard; sourceTree = "<group>"; };
		9683849E1D91360300ED04F7 /* Info.plist */ = {isa = PBXFileReference; lastKnownFileType = text.plist.xml; path = Info.plist; sourceTree = "<group>"; };
		968384A31D91360300ED04F7 /* BaseCodeTests.xctest */ = {isa = PBXFileReference; explicitFileType = wrapper.cfbundle; includeInIndex = 0; path = BaseCodeTests.xctest; sourceTree = BUILT_PRODUCTS_DIR; };
		968384A71D91360300ED04F7 /* BaseCodeTests.m */ = {isa = PBXFileReference; lastKnownFileType = sourcecode.c.objc; path = BaseCodeTests.m; sourceTree = "<group>"; };
		968384A91D91360300ED04F7 /* Info.plist */ = {isa = PBXFileReference; lastKnownFileType = text.plist.xml; path = Info.plist; sourceTree = "<group>"; };
		968384AE1D91360300ED04F7 /* BaseCodeUITests.xctest */ = {isa = PBXFileReference; explicitFileType = wrapper.cfbundle; includeInIndex = 0; path = BaseCodeUITests.xctest; sourceTree = BUILT_PRODUCTS_DIR; };
		968384B21D91360300ED04F7 /* BaseCodeUITests.m */ = {isa = PBXFileReference; lastKnownFileType = sourcecode.c.objc; path = BaseCodeUITests.m; sourceTree = "<group>"; };
		968384B41D91360300ED04F7 /* Info.plist */ = {isa = PBXFileReference; lastKnownFileType = text.plist.xml; path = Info.plist; sourceTree = "<group>"; };
/* End PBXFileReference section */

/* Begin PBXFrameworksBuildPhase section */
		968384871D91360200ED04F7 /* Frameworks */ = {
			isa = PBXFrameworksBuildPhase;
			buildActionMask = 2147483647;
			files = (
			);
			runOnlyForDeploymentPostprocessing = 0;
		};
		968384A01D91360300ED04F7 /* Frameworks */ = {
			isa = PBXFrameworksBuildPhase;
			buildActionMask = 2147483647;
			files = (
			);
			runOnlyForDeploymentPostprocessing = 0;
		};
		968384AB1D91360300ED04F7 /* Frameworks */ = {
			isa = PBXFrameworksBuildPhase;
			buildActionMask = 2147483647;
			files = (
			);
			runOnlyForDeploymentPostprocessing = 0;
		};
/* End PBXFrameworksBuildPhase section */

/* Begin PBXGroup section */
		968384811D91360200ED04F7 = {
			isa = PBXGroup;
			children = (
				9683848C1D91360200ED04F7 /* BaseCode */,
				968384A61D91360300ED04F7 /* BaseCodeTests */,
				968384B11D91360300ED04F7 /* BaseCodeUITests */,
				9683848B1D91360200ED04F7 /* Products */,
			);
			sourceTree = "<group>";
		};
		9683848B1D91360200ED04F7 /* Products */ = {
			isa = PBXGroup;
			children = (
				9683848A1D91360200ED04F7 /* BaseCode.app */,
				968384A31D91360300ED04F7 /* BaseCodeTests.xctest */,
				968384AE1D91360300ED04F7 /* BaseCodeUITests.xctest */,
			);
			name = Products;
			sourceTree = "<group>";
		};
		9683848C1D91360200ED04F7 /* BaseCode */ = {
			isa = PBXGroup;
			children = (
				968384901D91360200ED04F7 /* AppDelegate.h */,
				968384911D91360200ED04F7 /* AppDelegate.m */,
				968384931D91360200ED04F7 /* ViewController.h */,
				968384941D91360200ED04F7 /* ViewController.m */,
				968384961D91360200ED04F7 /* Main.storyboard */,
				968384991D91360200ED04F7 /* Assets.xcassets */,
				9683849B1D91360200ED04F7 /* LaunchScreen.storyboard */,
				9683849E1D91360300ED04F7 /* Info.plist */,
				9683848D1D91360200ED04F7 /* Supporting Files */,
			);
			path = BaseCode;
			sourceTree = "<group>";
		};
		9683848D1D91360200ED04F7 /* Supporting Files */ = {
			isa = PBXGroup;
			children = (
				9683848E1D91360200ED04F7 /* main.m */,
			);
			name = "Supporting Files";
			sourceTree = "<group>";
		};
		968384A61D91360300ED04F7 /* BaseCodeTests */ = {
			isa = PBXGroup;
			children = (
				968384A71D91360300ED04F7 /* BaseCodeTests.m */,
				968384A91D91360300ED04F7 /* Info.plist */,
			);
			path = BaseCodeTests;
			sourceTree = "<group>";
		};
		968384B11D91360300ED04F7 /* BaseCodeUITests */ = {
			isa = PBXGroup;
			children = (
				968384B21D91360300ED04F7 /* BaseCodeUITests.m */,
				968384B41D91360300ED04F7 /* Info.plist */,
			);
			path = BaseCodeUITests;
			sourceTree = "<group>";
		};
/* End PBXGroup section */

/* Begin PBXNativeTarget section */
		968384891D91360200ED04F7 /* BaseCode */ = {
			isa = PBXNativeTarget;
			buildConfigurationList = 968384B71D91360300ED04F7 /* Build configuration list for PBXNativeTarget "BaseCode" */;
			buildPhases = (
				968384861D91360200ED04F7 /* Sources */,
				968384871D91360200ED04F7 /* Frameworks */,
				968384881D91360200ED04F7 /* Resources */,
			);
			buildRules = (
			);
			dependencies = (
			);
			name = BaseCode;
			productName = BaseCode;
			productReference = 9683848A1D91360200ED04F7 /* BaseCode.app */;
			productType = "com.apple.product-type.application";
		};
		968384A21D91360300ED04F7 /* BaseCodeTests */ = {
			isa = PBXNativeTarget;
			buildConfigurationList = 968384BA1D91360300ED04F7 /* Build configuration list for PBXNativeTarget "BaseCodeTests" */;
			buildPhases = (
				9683849F1D91360300ED04F7 /* Sources */,
				968384A01D91360300ED04F7 /* Frameworks */,
				968384A11D91360300ED04F7 /* Resources */,
			);
			buildRules = (
			);
			dependencies = (
				968384A51D91360300ED04F7 /* PBXTargetDependency */,
			);
			name = BaseCodeTests;
			productName = BaseCodeTests;
			productReference = 968384A31D91360300ED04F7 /* BaseCodeTests.xctest */;
			productType = "com.apple.product-type.bundle.unit-test";
		};
		968384AD1D91360300ED04F7 /* BaseCodeUITests */ = {
			isa = PBXNativeTarget;
			buildConfigurationList = 968384BD1D91360300ED04F7 /* Build configuration list for PBXNativeTarget "BaseCodeUITests" */;
			buildPhases = (
				968384AA1D91360300ED04F7 /* Sources */,
				968384AB1D91360300ED04F7 /* Frameworks */,
				968384AC1D91360300ED04F7 /* Resources */,
			);
			buildRules = (
			);
			dependencies = (
				968384B01D91360300ED04F7 /* PBXTargetDependency */,
			);
			name = BaseCodeUITests;
			productName = BaseCodeUITests;
			productReference = 968384AE1D91360300ED04F7 /* BaseCodeUITests.xctest */;
			productType = "com.apple.product-type.bundle.ui-testing";
		};
/* End PBXNativeTarget section */

/* Begin PBXProject section */
		968384821D91360200ED04F7 /* Project object */ = {
			isa = PBXProject;
			attributes = {
				LastUpgradeCheck = 0800;
				ORGANIZATIONNAME = YSSJ;
				TargetAttributes = {
					968384891D91360200ED04F7 = {
						CreatedOnToolsVersion = 8.0;
						ProvisioningStyle = Automatic;
					};
					968384A21D91360300ED04F7 = {
						CreatedOnToolsVersion = 8.0;
						ProvisioningStyle = Automatic;
						TestTargetID = 968384891D91360200ED04F7;
					};
					968384AD1D91360300ED04F7 = {
						CreatedOnToolsVersion = 8.0;
						ProvisioningStyle = Automatic;
						TestTargetID = 968384891D91360200ED04F7;
					};
				};
			};
			buildConfigurationList = 968384851D91360200ED04F7 /* Build configuration list for PBXProject "BaseCode" */;
			compatibilityVersion = "Xcode 3.2";
			developmentRegion = English;
			hasScannedForEncodings = 0;
			knownRegions = (
				en,
				Base,
			);
			mainGroup = 968384811D91360200ED04F7;
			productRefGroup = 9683848B1D91360200ED04F7 /* Products */;
			projectDirPath = "";
			projectRoot = "";
			targets = (
				968384891D91360200ED04F7 /* BaseCode */,
				968384A21D91360300ED04F7 /* BaseCodeTests */,
				968384AD1D91360300ED04F7 /* BaseCodeUITests */,
			);
		};
/* End PBXProject section */

/* Begin PBXResourcesBuildPhase section */
		968384881D91360200ED04F7 /* Resources */ = {
			isa = PBXResourcesBuildPhase;
			buildActionMask = 2147483647;
			files = (
				9683849D1D91360200ED04F7 /* LaunchScreen.storyboard in Resources */,
				9683849A1D91360200ED04F7 /* Assets.xcassets in Resources */,
				968384981D91360200ED04F7 /* Main.storyboard in Resources */,
			);
			runOnlyForDeploymentPostprocessing = 0;
		};
		968384A11D91360300ED04F7 /* Resources */ = {
			isa = PBXResourcesBuildPhase;
			buildActionMask = 2147483647;
			files = (
			);
			runOnlyForDeploymentPostprocessing = 0;
		};
		968384AC1D91360300ED04F7 /* Resources */ = {
			isa = PBXResourcesBuildPhase;
			buildActionMask = 2147483647;
			files = (
			);
			runOnlyForDeploymentPostprocessing = 0;
		};
/* End PBXResourcesBuildPhase section */

/* Begin PBXSourcesBuildPhase section */
		968384861D91360200ED04F7 /* Sources */ = {
			isa = PBXSourcesBuildPhase;
			buildActionMask = 2147483647;
			files = (
				968384951D91360200ED04F7 /* ViewController.m in Sources */,
				968384921D91360200ED04F7 /* AppDelegate.m in Sources */,
				9683848F1D91360200ED04F7 /* main.m in Sources */,
			);
			runOnlyForDeploymentPostprocessing = 0;
		};
		9683849F1D91360300ED04F7 /* Sources */ = {
			isa = PBXSourcesBuildPhase;
			buildActionMask = 2147483647;
			files = (
				968384A81D91360300ED04F7 /* BaseCodeTests.m in Sources */,
			);
			runOnlyForDeploymentPostprocessing = 0;
		};
		968384AA1D91360300ED04F7 /* Sources */ = {
			isa = PBXSourcesBuildPhase;
			buildActionMask = 2147483647;
			files = (
				968384B31D91360300ED04F7 /* BaseCodeUITests.m in Sources */,
			);
			runOnlyForDeploymentPostprocessing = 0;
		};
/* End PBXSourcesBuildPhase section */

/* Begin PBXTargetDependency section */
		968384A51D91360300ED04F7 /* PBXTargetDependency */ = {
			isa = PBXTargetDependency;
			target = 968384891D91360200ED04F7 /* BaseCode */;
			targetProxy = 968384A41D91360300ED04F7 /* PBXContainerItemProxy */;
		};
		968384B01D91360300ED04F7 /* PBXTargetDependency */ = {
			isa = PBXTargetDependency;
			target = 968384891D91360200ED04F7 /* BaseCode */;
			targetProxy = 968384AF1D91360300ED04F7 /* PBXContainerItemProxy */;
		};
/* End PBXTargetDependency section */

/* Begin PBXVariantGroup section */
		968384961D91360200ED04F7 /* Main.storyboard */ = {
			isa = PBXVariantGroup;
			children = (
				968384971D91360200ED04F7 /* Base */,
			);
			name = Main.storyboard;
			sourceTree = "<group>";
		};
		9683849B1D91360200ED04F7 /* LaunchScreen.storyboard */ = {
			isa = PBXVariantGroup;
			children = (
				9683849C1D91360200ED04F7 /* Base */,
			);
			name = LaunchScreen.storyboard;
			sourceTree = "<group>";
		};
/* End PBXVariantGroup section */

/* Begin XCBuildConfiguration section */
		968384B51D91360300ED04F7 /* Debug */ = {
			isa = XCBuildConfiguration;
			buildSettings = {
				ALWAYS_SEARCH_USER_PATHS = NO;
				CLANG_ANALYZER_NONNULL = YES;
				CLANG_CXX_LANGUAGE_STANDARD = "gnu++0x";
				CLANG_CXX_LIBRARY = "libc++";
				CLANG_ENABLE_MODULES = YES;
				CLANG_ENABLE_OBJC_ARC = YES;
				CLANG_WARN_BOOL_CONVERSION = YES;
				CLANG_WARN_CONSTANT_CONVERSION = YES;
				CLANG_WARN_DIRECT_OBJC_ISA_USAGE = YES_ERROR;
				CLANG_WARN_DOCUMENTATION_COMMENTS = YES;
				CLANG_WARN_EMPTY_BODY = YES;
				CLANG_WARN_ENUM_CONVERSION = YES;
				CLANG_WARN_INFINITE_RECURSION = YES;
				CLANG_WARN_INT_CONVERSION = YES;
				CLANG_WARN_OBJC_ROOT_CLASS = YES_ERROR;
				CLANG_WARN_SUSPICIOUS_MOVES = YES;
				CLANG_WARN_UNREACHABLE_CODE = YES;
				CLANG_WARN__DUPLICATE_METHOD_MATCH = YES;
				"CODE_SIGN_IDENTITY[sdk=iphoneos*]" = "iPhone Developer";
				COPY_PHASE_STRIP = NO;
				DEBUG_INFORMATION_FORMAT = dwarf;
				ENABLE_STRICT_OBJC_MSGSEND = YES;
				ENABLE_TESTABILITY = YES;
				GCC_C_LANGUAGE_STANDARD = gnu99;
				GCC_DYNAMIC_NO_PIC = NO;
				GCC_NO_COMMON_BLOCKS = YES;
				GCC_OPTIMIZATION_LEVEL = 0;
				GCC_PREPROCESSOR_DEFINITIONS = (
					"DEBUG=1",
					"$(inherited)",
				);
				GCC_WARN_64_TO_32_BIT_CONVERSION = YES;
				GCC_WARN_ABOUT_RETURN_TYPE = YES_ERROR;
				GCC_WARN_UNDECLARED_SELECTOR = YES;
				GCC_WARN_UNINITIALIZED_AUTOS = YES_AGGRESSIVE;
				GCC_WARN_UNUSED_FUNCTION = YES;
				GCC_WARN_UNUSED_VARIABLE = YES;
				IPHONEOS_DEPLOYMENT_TARGET = 10.0;
				MTL_ENABLE_DEBUG_INFO = YES;
				ONLY_ACTIVE_ARCH = YES;
				SDKROOT = iphoneos;
				TARGETED_DEVICE_FAMILY = "1,2";
			};
			name = Debug;
		};
		968384B61D91360300ED04F7 /* Release */ = {
			isa = XCBuildConfiguration;
			buildSettings = {
				ALWAYS_SEARCH_USER_PATHS = NO;
				CLANG_ANALYZER_NONNULL = YES;
				CLANG_CXX_LANGUAGE_STANDARD = "gnu++0x";
				CLANG_CXX_LIBRARY = "libc++";
				CLANG_ENABLE_MODULES = YES;
				CLANG_ENABLE_OBJC_ARC = YES;
				CLANG_WARN_BOOL_CONVERSION = YES;
				CLANG_WARN_CONSTANT_CONVERSION = YES;
				CLANG_WARN_DIRECT_OBJC_ISA_USAGE = YES_ERROR;
				CLANG_WARN_DOCUMENTATION_COMMENTS = YES;
				CLANG_WARN_EMPTY_BODY = YES;
				CLANG_WARN_ENUM_CONVERSION = YES;
				CLANG_WARN_INFINITE_RECURSION = YES;
				CLANG_WARN_INT_CONVERSION = YES;
				CLANG_WARN_OBJC_ROOT_CLASS = YES_ERROR;
				CLANG_WARN_SUSPICIOUS_MOVES = YES;
				CLANG_WARN_UNREACHABLE_CODE = YES;
				CLANG_WARN__DUPLICATE_METHOD_MATCH = YES;
				"CODE_SIGN_IDENTITY[sdk=iphoneos*]" = "iPhone Developer";
				COPY_PHASE_STRIP = NO;
				DEBUG_INFORMATION_FORMAT = "dwarf-with-dsym";
				ENABLE_NS_ASSERTIONS = NO;
				ENABLE_STRICT_OBJC_MSGSEND = YES;
				GCC_C_LANGUAGE_STANDARD = gnu99;
				GCC_NO_COMMON_BLOCKS = YES;
				GCC_WARN_64_TO_32_BIT_CONVERSION = YES;
				GCC_WARN_ABOUT_RETURN_TYPE = YES_ERROR;
				GCC_WARN_UNDECLARED_SELECTOR = YES;
				GCC_WARN_UNINITIALIZED_AUTOS = YES_AGGRESSIVE;
				GCC_WARN_UNUSED_FUNCTION = YES;
				GCC_WARN_UNUSED_VARIABLE = YES;
				IPHONEOS_DEPLOYMENT_TARGET = 10.0;
				MTL_ENABLE_DEBUG_INFO = NO;
				SDKROOT = iphoneos;
				TARGETED_DEVICE_FAMILY = "1,2";
				VALIDATE_PRODUCT = YES;
			};
			name = Release;
		};
		968384B81D91360300ED04F7 /* Debug */ = {
			isa = XCBuildConfiguration;
			buildSettings = {
				ASSETCATALOG_COMPILER_APPICON_NAME = AppIcon;
				INFOPLIST_FILE = BaseCode/Info.plist;
				LD_RUNPATH_SEARCH_PATHS = "$(inherited) @executable_path/Frameworks";
				PRODUCT_BUNDLE_IDENTIFIER = com.yunshangshiji.BaseCode;
				PRODUCT_NAME = "$(TARGET_NAME)";
			};
			name = Debug;
		};
		968384B91D91360300ED04F7 /* Release */ = {
			isa = XCBuildConfiguration;
			buildSettings = {
				ASSETCATALOG_COMPILER_APPICON_NAME = AppIcon;
				INFOPLIST_FILE = BaseCode/Info.plist;
				LD_RUNPATH_SEARCH_PATHS = "$(inherited) @executable_path/Frameworks";
				PRODUCT_BUNDLE_IDENTIFIER = com.yunshangshiji.BaseCode;
				PRODUCT_NAME = "$(TARGET_NAME)";
			};
			name = Release;
		};
		968384BB1D91360300ED04F7 /* Debug */ = {
			isa = XCBuildConfiguration;
			buildSettings = {
				BUNDLE_LOADER = "$(TEST_HOST)";
				INFOPLIST_FILE = BaseCodeTests/Info.plist;
				LD_RUNPATH_SEARCH_PATHS = "$(inherited) @executable_path/Frameworks @loader_path/Frameworks";
				PRODUCT_BUNDLE_IDENTIFIER = com.yunshangshiji.BaseCodeTests;
				PRODUCT_NAME = "$(TARGET_NAME)";
				TEST_HOST = "$(BUILT_PRODUCTS_DIR)/BaseCode.app/BaseCode";
			};
			name = Debug;
		};
		968384BC1D91360300ED04F7 /* Release */ = {
			isa = XCBuildConfiguration;
			buildSettings = {
				BUNDLE_LOADER = "$(TEST_HOST)";
				INFOPLIST_FILE = BaseCodeTests/Info.plist;
				LD_RUNPATH_SEARCH_PATHS = "$(inherited) @executable_path/Frameworks @loader_path/Frameworks";
				PRODUCT_BUNDLE_IDENTIFIER = com.yunshangshiji.BaseCodeTests;
				PRODUCT_NAME = "$(TARGET_NAME)";
				TEST_HOST = "$(BUILT_PRODUCTS_DIR)/BaseCode.app/BaseCode";
			};
			name = Release;
		};
		968384BE1D91360300ED04F7 /* Debug */ = {
			isa = XCBuildConfiguration;
			buildSettings = {
				INFOPLIST_FILE = BaseCodeUITests/Info.plist;
				LD_RUNPATH_SEARCH_PATHS = "$(inherited) @executable_path/Frameworks @loader_path/Frameworks";
				PRODUCT_BUNDLE_IDENTIFIER = com.yunshangshiji.BaseCodeUITests;
				PRODUCT_NAME = "$(TARGET_NAME)";
				TEST_TARGET_NAME = BaseCode;
			};
			name = Debug;
		};
		968384BF1D91360300ED04F7 /* Release */ = {
			isa = XCBuildConfiguration;
			buildSettings = {
				INFOPLIST_FILE = BaseCodeUITests/Info.plist;
				LD_RUNPATH_SEARCH_PATHS = "$(inherited) @executable_path/Frameworks @loader_path/Frameworks";
				PRODUCT_BUNDLE_IDENTIFIER = com.yunshangshiji.BaseCodeUITests;
				PRODUCT_NAME = "$(TARGET_NAME)";
				TEST_TARGET_NAME = BaseCode;
			};
			name = Release;
		};
/* End XCBuildConfiguration section */

/* Begin XCConfigurationList section */
		968384851D91360200ED04F7 /* Build configuration list for PBXProject "BaseCode" */ = {
			isa = XCConfigurationList;
			buildConfigurations = (
				968384B51D91360300ED04F7 /* Debug */,
				968384B61D91360300ED04F7 /* Release */,
			);
			defaultConfigurationIsVisible = 0;
			defaultConfigurationName = Release;
		};
		968384B71D91360300ED04F7 /* Build configuration list for PBXNativeTarget "BaseCode" */ = {
			isa = XCConfigurationList;
			buildConfigurations = (
				968384B81D91360300ED04F7 /* Debug */,
				968384B91D91360300ED04F7 /* Release */,
			);
			defaultConfigurationIsVisible = 0;
		};
		968384BA1D91360300ED04F7 /* Build configuration list for PBXNativeTarget "BaseCodeTests" */ = {
			isa = XCConfigurationList;
			buildConfigurations = (
				968384BB1D91360300ED04F7 /* Debug */,
				968384BC1D91360300ED04F7 /* Release */,
			);
			defaultConfigurationIsVisible = 0;
		};
		968384BD1D91360300ED04F7 /* Build configuration list for PBXNativeTarget "BaseCodeUITests" */ = {
			isa = XCConfigurationList;
			buildConfigurations = (
				968384BE1D91360300ED04F7 /* Debug */,
				968384BF1D91360300ED04F7 /* Release */,
			);
			defaultConfigurationIsVisible = 0;
		};
/* End XCConfigurationList section */
	};
	rootObject = 968384821D91360200ED04F7 /* Project object */;
}
